
Microsoft Visual Studio Solution File, Format Version 12.00
# Visual Studio Version 17
VisualStudioVersion = 17.7.34009.444
MinimumVisualStudioVersion = 10.0.40219.1
Project("{FAE04EC0-301F-11D3-BF4B-00C04F79EFBC}") = "RubiksCubeTrainingDataGen", "RubiksCubeTrainingDataGen.csproj", "{0E87F098-5960-488B-867D-C96C483DB5A7}"
EndProject
Project("{FAE04EC0-301F-11D3-BF4B-00C04F79EFBC}") = "RubiksModel", "..\RubiksModel\RubiksModel.csproj", "{FEB93605-BBE8-467E-8057-F98358EAC300}"
EndProject
Global
	GlobalSection(SolutionConfigurationPlatforms) = preSolution
		Debug|Any CPU = Debug|Any CPU
		Release|Any CPU = Release|Any CPU
	EndGlobalSection
	GlobalSection(ProjectConfigurationPlatforms) = postSolution
		{0E87F098-5960-488B-867D-C96C483DB5A7}.Debug|Any CPU.ActiveCfg = Debug|Any CPU
		{0E87F098-5960-488B-867D-C96C483DB5A7}.Debug|Any CPU.Build.0 = Debug|Any CPU
		{0E87F098-5960-488B-867D-C96C483DB5A7}.Release|Any CPU.ActiveCfg = Release|Any CPU
		{0E87F098-5960-488B-867D-C96C483DB5A7}.Release|Any CPU.Build.0 = Release|Any CPU
		{FEB93605-BBE8-467E-8057-F98358EAC300}.Debug|Any CPU.ActiveCfg = Debug|Any CPU
		{FEB93605-BBE8-467E-8057-F98358EAC300}.Debug|Any CPU.Build.0 = Debug|Any CPU
		{FEB93605-BBE8-467E-8057-F98358EAC300}.Release|Any CPU.ActiveCfg = Release|Any CPU
		{FEB93605-BBE8-467E-8057-F98358EAC300}.Release|Any CPU.Build.0 = Release|Any CPU
	EndGlobalSection
	GlobalSection(SolutionProperties) = preSolution
		HideSolutionNode = FALSE
	EndGlobalSection
	GlobalSection(ExtensibilityGlobals) = postSolution
		SolutionGuid = {854F34A4-4CAE-461D-9527-5EBD5C18B0D0}
	EndGlobalSection
EndGlobal
